
Microsoft Visual Studio Solution File, Format Version 12.00
# Visual Studio Version 17
VisualStudioVersion = 17.5.33516.290
MinimumVisualStudioVersion = 10.0.40219.1
Project("{FAE04EC0-301F-11D3-BF4B-00C04F79EFBC}") = "WebApplication1", "WebApplication1\WebApplication1.csproj", "{0494D020-1B3B-434D-9E26-37406578CC59}"
EndProject
Project("{FAE04EC0-301F-11D3-BF4B-00C04F79EFBC}") = "DATA", "DATA\DATA.csproj", "{CD01B064-8224-451B-A793-062B9D5AE72F}"
EndProject
Project("{FAE04EC0-301F-11D3-BF4B-00C04F79EFBC}") = "MLmodel", "MLmodel\MLmodel.csproj", "{4A573A5B-5CFF-45D9-BB52-89C32154F264}"
EndProject
Project("{FAE04EC0-301F-11D3-BF4B-00C04F79EFBC}") = "MLModelTest", "MLModelTest\MLModelTest.csproj", "{23A12ABC-7E2A-4243-B10E-FDBBC693E239}"
EndProject
Global
	GlobalSection(SolutionConfigurationPlatforms) = preSolution
		Debug|Any CPU = Debug|Any CPU
		Release|Any CPU = Release|Any CPU
	EndGlobalSection
	GlobalSection(ProjectConfigurationPlatforms) = postSolution
		{0494D020-1B3B-434D-9E26-37406578CC59}.Debug|Any CPU.ActiveCfg = Debug|Any CPU
		{0494D020-1B3B-434D-9E26-37406578CC59}.Debug|Any CPU.Build.0 = Debug|Any CPU
		{0494D020-1B3B-434D-9E26-37406578CC59}.Release|Any CPU.ActiveCfg = Release|Any CPU
		{0494D020-1B3B-434D-9E26-37406578CC59}.Release|Any CPU.Build.0 = Release|Any CPU
		{CD01B064-8224-451B-A793-062B9D5AE72F}.Debug|Any CPU.ActiveCfg = Debug|Any CPU
		{CD01B064-8224-451B-A793-062B9D5AE72F}.Debug|Any CPU.Build.0 = Debug|Any CPU
		{CD01B064-8224-451B-A793-062B9D5AE72F}.Release|Any CPU.ActiveCfg = Release|Any CPU
		{CD01B064-8224-451B-A793-062B9D5AE72F}.Release|Any CPU.Build.0 = Release|Any CPU
		{4A573A5B-5CFF-45D9-BB52-89C32154F264}.Debug|Any CPU.ActiveCfg = Debug|Any CPU
		{4A573A5B-5CFF-45D9-BB52-89C32154F264}.Debug|Any CPU.Build.0 = Debug|Any CPU
		{4A573A5B-5CFF-45D9-BB52-89C32154F264}.Release|Any CPU.ActiveCfg = Release|Any CPU
		{4A573A5B-5CFF-45D9-BB52-89C32154F264}.Release|Any CPU.Build.0 = Release|Any CPU
		{23A12ABC-7E2A-4243-B10E-FDBBC693E239}.Debug|Any CPU.ActiveCfg = Debug|Any CPU
		{23A12ABC-7E2A-4243-B10E-FDBBC693E239}.Debug|Any CPU.Build.0 = Debug|Any CPU
		{23A12ABC-7E2A-4243-B10E-FDBBC693E239}.Release|Any CPU.ActiveCfg = Release|Any CPU
		{23A12ABC-7E2A-4243-B10E-FDBBC693E239}.Release|Any CPU.Build.0 = Release|Any CPU
	EndGlobalSection
	GlobalSection(SolutionProperties) = preSolution
		HideSolutionNode = FALSE
	EndGlobalSection
	GlobalSection(ExtensibilityGlobals) = postSolution
		SolutionGuid = {EAB07B17-CE93-47B0-9F57-4AD3CBFFA05B}
	EndGlobalSection
EndGlobal
